github.com/aws/aws-lambda-go v1.47.0 h1:0H8s0vumYx/YKs4sE7YM0ktwL2eWse+kfopsRI1sXVI=
github.com/aws/aws-lambda-go v1.47.0/go.mod h1:dpMpZgvWx5vuQJfBt0zqBha60q7Dd7RfgJv23DymV8A=
github.com/aws/aws-sdk-go-v2 v1.34.0 h1:9iyL+cjifckRGEVpRKZP3eIxVlL06Qk1Tk13vreaVQU=
github.com/aws/aws-sdk-go-v2 v1.34.0/go.mod h1:JgstGg0JjWU1KpVJjD5H0y0yyAIpSdKEq556EI6yOOM=
github.com/aws/aws-sdk-go-v2/aws/protocol/eventstream v1.6.8 h1:zAxi9p3wsZMIaVCdoiQp2uZ9k1LsZvmAnoTBeZPXom0=
github.com/aws/aws-sdk-go-v2/aws/protocol/eventstream v1.6.8/go.mod h1:3XkePX5dSaxveLAYY7nsbsZZrKxCyEuE5pM4ziFxyGg=
github.com/aws/aws-sdk-go-v2/config v1.29.2 h1:JuIxOEPcSKpMB0J+khMjznG9LIhIBdmqNiEcPclnwqc=
github.com/aws/aws-sdk-go-v2/config v1.29.2/go.mod h1:HktTHregOZwNSM/e7WTfVSu9RCX+3eOv+6ij27PtaYs=
github.com/aws/aws-sdk-go-v2/credentials v1.17.55 h1:CDhKnDEaGkLA5ZszV/qw5uwN5M8rbv9Cl0JRN+PRsaM=
github.com/aws/aws-sdk-go-v2/credentials v1.17.55/go.mod h1:kPD/vj+RB5MREDUky376+zdnjZpR+WgdBBvwrmnlmKE=
github.com/aws/aws-sdk-go-v2/feature/ec2/imds v1.16.25 h1:kU7tmXNaJ07LsyN3BUgGqAmVmQtq0w6duVIHAKfp0/w=
github.com/aws/aws-sdk-go-v2/feature/ec2/imds v1.16.25/go.mod h1:OiC8+OiqrURb1wrwmr/UbOVLFSWEGxjinj5C299VQdo=
github.com/aws/aws-sdk-go-v2/internal/configsources v1.3.29 h1:Ej0Rf3GMv50Qh4G4852j2djtoDb7AzQ7MuQeFHa3D70=
github.com/aws/aws-sdk-go-v2/internal/configsources v1.3.29/go.mod h1:oeNTC7PwJNoM5AznVr23wxhLnuJv0ZDe5v7w0wqIs9M=
github.com/aws/aws-sdk-go-v2/internal/endpoints/v2 v2.6.29 h1:6e8a71X+9GfghragVevC5bZqvATtc3mAMgxpSNbgzF0=
github.com/aws/aws-sdk-go-v2/internal/endpoints/v2 v2.6.29/go.mod h1:c4jkZiQ+BWpNqq7VtrxjwISrLrt/VvPq3XiopkUIolI=
github.com/aws/aws-sdk-go-v2/internal/ini v1.8.2 h1:Pg9URiobXy85kgFev3og2CuOZ8JZUBENF+dcgWBaYNk=
github.com/aws/aws-sdk-go-v2/internal/ini v1.8.2/go.mod h1:FbtygfRFze9usAadmnGJNc8KsP346kEe+y2/oyhGAGc=
github.com/aws/aws-sdk-go-v2/internal/v4a v1.3.29 h1:g9OUETuxA8i/Www5Cby0R3WSTe7ppFTZXHVLNskNS4w=
github.com/aws/aws-sdk-go-v2/internal/v4a v1.3.29/go.mod h1:CQk+koLR1QeY1+vm7lqNfFii07DEderKq6T3F1L2pyc=
github.com/aws/aws-sdk-go-v2/service/internal/accept-encoding v1.12.2 h1:D4oz8/CzT9bAEYtVhSBmFj2dNOtaHOtMKc2vHBwYizA=
github.com/aws/aws-sdk-go-v2/service/internal/accept-encoding v1.12.2/go.mod h1:Za3IHqTQ+yNcRHxu1OFucBh0ACZT4j4VQFF0BqpZcLY=
github.com/aws/aws-sdk-go-v2/service/internal/checksum v1.5.3 h1:EP1ITDgYVPM2dL1bBBntJ7AW5yTjuWGz9XO+CZwpALU=
github.com/aws/aws-sdk-go-v2/service/internal/checksum v1.5.3/go.mod h1:5lWNWeAgWenJ/BZ/CP9k9DjLbC0pjnM045WjXRPPi14=
github.com/aws/aws-sdk-go-v2/service/internal/presigned-url v1.12.10 h1:hN4yJBGswmFTOVYqmbz1GBs9ZMtQe8SrYxPwrkrlRv8=
github.com/aws/aws-sdk-go-v2/service/internal/presigned-url v1.12.10/go.mod h1:TsxON4fEZXyrKY+D+3d2gSTyJkGORexIYab9PTf56DA=
github.com/aws/aws-sdk-go-v2/service/internal/s3shared v1.18.10 h1:fXoWC2gi7tdJYNTPnnlSGzEVwewUchOi8xVq/dkg8Qs=
github.com/aws/aws-sdk-go-v2/service/internal/s3shared v1.18.10/go.mod h1:cvzBApD5dVazHU8C2rbBQzzzsKc8m5+wNJ9mCRZLKPc=
github.com/aws/aws-sdk-go-v2/service/s3 v1.74.1 h1:9LawY3cDJ3HE+v2GMd5SOkNLDwgN4K7TsCjyVBYu/L4=
github.com/aws/aws-sdk-go-v2/service/s3 v1.74.1/go.mod h1:hHnELVnIHltd8EOF3YzahVX6F6y2C6dNqpRj1IMkS5I=
github.com/aws/aws-sdk-go-v2/service/sqs v1.37.10 h1:j297R5mnr3LKYqr9xhsqDdFEL8OfHE0kGN1sTMFT00E=
github.com/aws/aws-sdk-go-v2/service/sqs v1.37.10/go.mod h1:F6guYEP0P7+rR/2zs10iNC5JPrWPmDdTV6VIYQsHnyE=
github.com/aws/aws-sdk-go-v2/service/sso v1.24.12 h1:kznaW4f81mNMlREkU9w3jUuJvU5g/KsqDV43ab7Rp6s=
github.com/aws/aws-sdk-go-v2/service/sso v1.24.12/go.mod h1:bZy9r8e0/s0P7BSDHgMLXK2KvdyRRBIQ2blKlvLt0IU=
github.com/aws/aws-sdk-go-v2/service/ssooidc v1.28.11 h1:mUwIpAvILeKFnRx4h1dEgGEFGuV8KJ3pEScZWVFYuZA=
github.com/aws/aws-sdk-go-v2/service/ssooidc v1.28.11/go.mod h1:JDJtD+b8HNVv71axz8+S5492KM8wTzHRFpMKQbPlYxw=
github.com/aws/aws-sdk-go-v2/service/sts v1.33.10 h1:g9d+TOsu3ac7SgmY2dUf1qMgu/uJVTlQ4VCbH6hRxSw=
github.com/aws/aws-sdk-go-v2/service/sts v1.33.10/go.mod h1:WZfNmntu92HO44MVZAubQaz3qCuIdeOdog2sADfU6hU=
github.com/aws/smithy-go v1.22.2 h1:6D9hW43xKFrRx/tXXfAlIZc4JI+yQe6snnWcQyxSyLQ=
github.com/aws/smithy-go v1.22.2/go.mod h1:irrKGvNn1InZwb2d7fkIRNucdfwR8R+Ts3wxYa/cJHg=
github.com/chromedp/cdproto v0.0.0-20230802225258-3cf4e6d46a89/go.mod h1:GKljq0VrfU4D5yc+2qA6OVr8pmO/MBbPEWqWQ/oqGEs=
github.com/chromedp/chromedp v0.9.2/go.mod h1:LkSXJKONWTCHAfQasKFUZI+mxqS4tZqhmtGzzhLsnLs=
github.com/chromedp/sysutil v1.0.0/go.mod h1:kgWmDdq8fTzXYcKIBqIYvRRTnYb9aNS9moAV0xufSww=
github.com/chzyer/logex v1.1.10/go.mod h1:+Ywpsq7O8HXn0nuIou7OrIPyXbp3wmkHB+jjWRnGsAI=
github.com/chzyer/logex v1.2.1/go.mod h1:JLbx6lG2kDbNRFnfkgvh4eRJRPX1QCoOIWomwysCBrQ=
github.com/chzyer/readline v0.0.0-20180603132655-2972be24d48e/go.mod h1:nSuG5e5PlCu98SY8svDHJxuZscDgtXS6KTTbou5AhLI=
github.com/chzyer/readline v1.5.1/go.mod h1:Eh+b79XXUwfKfcPLepksvw2tcLE/Ct21YObkaSkeBlk=
github.com/chzyer/test v0.0.0-20180213035817-a1ea475d72b1/go.mod h1:Q3SI9o4m/ZMnBNeIyt5eFwwo7qiLfzFZmjNmxjkiQlU=
github.com/chzyer/test v1.0.0/go.mod h1:2JlltgoNkt4TW/z9V/IzDdFaMTM2JPIi26O1pF38GC8=
github.com/davecgh/go-spew v1.1.0/go.mod h1:J7Y8YcW2NihsgmVo/mv3lAwl/skON4iLHjSsI+c5H38=
github.com/davecgh/go-spew v1.1.1 h1:vj9j/u1bqnvCEfJOwUhtlOARqs3+rkHYY13jYWTU97c=
github.com/davecgh/go-spew v1.1.1/go.mod h1:J7Y8YcW2NihsgmVo/mv3lAwl/skON4iLHjSsI+c5H38=
github.com/felixge/fgprof v0.9.3/go.mod h1:RdbpDgzqYVh/T9fPELJyV7EYJuHB55UTEULNun8eiPw=
github.com/felixge/fgprof v0.9.5 h1:8+vR6yu2vvSKn08urWyEuxx75NWPEvybbkBirEpsbVY=
github.com/felixge/fgprof v0.9.5/go.mod h1:yKl+ERSa++RYOs32d8K6WEXCB4uXdLls4ZaZPpayhMM=
github.com/gobwas/httphead v0.1.0/go.mod h1:O/RXo79gxV8G+RqlR/otEwx4Q36zl9rqC5u12GKvMCM=
github.com/gobwas/pool v0.2.1/go.mod h1:q8bcK0KcYlCgd9e7WYLm9LpyS+YeLd8JVDW6WezmKEw=
github.com/gobwas/ws v1.2.1/go.mod h1:hRKAFb8wOxFROYNsT1bqfWnhX+b5MFeJM9r2ZSwg/KY=
github.com/google/pprof v0.0.0-20211214055906-6f57359322fd/go.mod h1:KgnwoLYCZ8IQu3XUZ8Nc/bM9CCZFOyjUNOSygVozoDg=
github.com/google/pprof v0.0.0-20240227163752-401108e1b7e7/go.mod h1:czg5+yv1E0ZGTi6S6vVK1mke0fV+FaUhNGcd6VRS9Ik=
github.com/google/pprof v0.0.0-20250125003558-7fdb3d7e6fa0 h1:my2ucqBZmv+cWHIhZNSIYKzgN8EBGyHdC7zD5sASRAg=
github.com/google/pprof v0.0.0-20250125003558-7fdb3d7e6fa0/go.mod h1:vavhavw2zAxS5dIdcRluK6cSGGPlZynqzFM8NdvU144=
github.com/google/uuid v1.6.0 h1:NIvaJDMOsjHA8n1jAhLSgzrAzy1Hgr+hNrb57e+94F0=
github.com/google/uuid v1.6.0/go.mod h1:TIyPZe4MgqvfeYDBFedMoGGpEw/LqOeaOT+nhxU+yHo=
github.com/ianlancetaylor/demangle v0.0.0-20210905161508-09a460cdf81d/go.mod h1:aYm2/VgdVmcIU8iMfdMvDMsRAQjcfZSKFby6HOFvi/w=
github.com/ianlancetaylor/demangle v0.0.0-20230524184225-eabc099b10ab/go.mod h1:gx7rwoVhcfuVKG5uya9Hs3Sxj7EIvldVofAWIUtGouw=
github.com/jbleduigou/aws-lambda-profile v0.0.0-20240704142145-047370dacb76 h1:FF8X54CrU7rGhqrJxG43TESzsAnQhf7NUZbA/JiPv4c=
github.com/jbleduigou/aws-lambda-profile v0.0.0-20240704142145-047370dacb76/go.mod h1:9iEvdoGePYkW2LBjZBmpd7t+7Po5hWuw4/GpC6WOdsc=
github.com/jbleduigou/slog-aws-lambda v0.4.0 h1:TQ9XQ2I+ZxLJJxJmbJlYKjuinuUVH0CCq6Z4MwnCoY0=
github.com/jbleduigou/slog-aws-lambda v0.4.0/go.mod h1:36+cZUwl84m2e0gxg/a0nxW//cuyYFTatsu/hIFgAqw=
github.com/josharian/intern v1.0.0/go.mod h1:5DoeVV0s6jJacbCEi61lwdGj/aVlrQvzHFFd8Hwg//Y=
github.com/ledongthuc/pdf v0.0.0-20220302134840-0c2507a12d80/go.mod h1:imJHygn/1yfhB7XSJJKlFZKl/J+dCPAknuiaGOshXAs=
github.com/mailru/easyjson v0.7.7/go.mod h1:xzfreul335JAWq5oZzymOObrkdz5UnU4kGfJJLY9Nlc=
github.com/orisano/pixelmatch v0.0.0-20220722002657-fb0b55479cde/go.mod h1:nZgzbfBr3hhjoZnS66nKrHmduYNpc34ny7RK4z5/HM0=
github.com/pkg/profile v1.7.0 h1:hnbDkaNWPCLMO9wGLdBFTIZvzDrDfBM2072E1S9gJkA=
github.com/pkg/profile v1.7.0/go.mod h1:8Uer0jas47ZQMJ7VD+OHknK4YDY07LPUC6dEvqDjvNo=
github.com/pmezard/go-difflib v1.0.0 h1:4DBwDE0NGyQoBHbLQYPwSUPoCMWR5BEzIk/f1lZbAQM=
github.com/pmezard/go-difflib v1.0.0/go.mod h1:iKH77koFhYxTK1pcRnkKkqfTogsbg7gZNVY4sRDYZ/4=
github.com/stretchr/objx v0.1.0/go.mod h1:HFkY916IF+rwdDfMAkV7OtwuqBVzrE8GR6GFx+wExME=
github.com/stretchr/objx v0.4.0/go.mod h1:YvHI0jy2hoMjB+UWwv71VJQ9isScKT/TqJzVSSt89Yw=
github.com/stretchr/objx v0.5.2 h1:xuMeJ0Sdp5ZMRXx/aWO6RZxdr3beISkG5/G/aIRr3pY=
github.com/stretchr/objx v0.5.2/go.mod h1:FRsXN1f5AsAjCGJKqEizvkpNtU+EGNCLh3NxZ/8L+MA=
github.com/stretchr/testify v1.7.1/go.mod h1:6Fq8oRcR53rry900zMqJjRRixrwX3KX962/h/Wwjteg=
github.com/stretchr/testify v1.8.0/go.mod h1:yNjHg4UonilssWZ8iaSj1OCr/vHnekPRkoO+kdMU+MU=
github.com/stretchr/testify v1.10.0 h1:Xv5erBjTwe/5IxqUQTdXv5kgmIvbHo3QQyRwhJsOfJA=
github.com/stretchr/testify v1.10.0/go.mod h1:r2ic/lqez/lEtzL7wO/rwa5dbSLXVDPFyf8C91i36aY=
golang.org/x/net v0.34.0 h1:Mb7Mrk043xzHgnRM88suvJFwzVrRfHEHJEl5/71CKw0=
golang.org/x/net v0.34.0/go.mod h1:di0qlW3YNM5oh6GqDGQr92MyTozJPmybPK4Ev/Gm31k=
golang.org/x/sys v0.0.0-20211007075335-d3039528d8ac/go.mod h1:oPkhp1MJrh7nUepCBck5+mAzfO9JrbApNNgaTdGDITg=
golang.org/x/sys v0.0.0-20220310020820-b874c991c1a5/go.mod h1:oPkhp1MJrh7nUepCBck5+mAzfO9JrbApNNgaTdGDITg=
golang.org/x/sys v0.6.0/go.mod h1:oPkhp1MJrh7nUepCBck5+mAzfO9JrbApNNgaTdGDITg=
golang.org/x/text v0.21.0 h1:zyQAAkrwaneQ066sspRyJaG9VNi/YJ1NfzcGB3hZ/qo=
golang.org/x/text v0.21.0/go.mod h1:4IBbMaMmOPCJ8SecivzSH54+73PCFmPWxNTLm+vZkEQ=
gopkg.in/check.v1 v0.0.0-20161208181325-20d25e280405 h1:yhCVgyC4o1eVCa2tZl7eS0r+SDo693bJlVdllGtEeKM=
gopkg.in/check.v1 v0.0.0-20161208181325-20d25e280405/go.mod h1:Co6ibVJAznAaIkqp8huTwlJQCZ016jof/cbN4VW5Yz0=
gopkg.in/yaml.v2 v2.4.0 h1:D8xgwECY7CYvx+Y2n4sBz93Jn9JRvxdiyyo8CTfuKaY=
gopkg.in/yaml.v2 v2.4.0/go.mod h1:RDklbk79AGWmwhnvt/jBztapEOGDOx6ZbXqjP6csGnQ=
gopkg.in/yaml.v3 v3.0.0-20200313102051-9f266ea9e77c/go.mod h1:K4uyk7z7BCEPqu6E+C64Yfv1cQ7kz7rIZviUmN+EgEM=
gopkg.in/yaml.v3 v3.0.1 h1:fxVm/GzAzEWqLHuvctI91KS9hhNmmWOoWu0XTYJS7CA=
gopkg.in/yaml.v3 v3.0.1/go.mod h1:K4uyk7z7BCEPqu6E+C64Yfv1cQ7kz7rIZviUmN+EgEM=
